{
  "version": 4,
  "terraform_version": "1.5.7",
  "serial": 10,
  "lineage": "f13cc3d2-f4ff-6eca-5298-68b7503c213a",
  "outputs": {},
  "resources": [
    {
      "mode": "data",
      "type": "yandex_compute_image",
      "name": "ubuntu_image",
      "provider": "provider[\"registry.terraform.io/yandex-cloud/yandex\"]",
      "instances": [
        {
          "schema_version": 0,
          "attributes": {
            "created_at": "2025-03-31T11:07:15Z",
            "description": "Ubuntu 22.04 lts v20250324093647",
            "family": "ubuntu-2204-lts",
            "folder_id": "standard-images",
            "hardware_generation": [
              {
                "generation2_features": [],
                "legacy_features": [
                  {
                    "pci_topology": "PCI_TOPOLOGY_V1"
                  }
                ]
              }
            ],
            "id": "fd8vfvc6r3tl3k0igv6l",
            "image_id": "fd8vfvc6r3tl3k0igv6l",
            "kms_key_id": null,
            "labels": {
              "version": "20250324093647",
              "x-hopper-operation-id": "d9pmiputs1rr9e6brlbh",
              "x-hopper-source-image-id": "fd8k59207ous22i7ngjm"
            },
            "min_disk_size": 8,
            "name": "ubuntu-22-04-lts-v20250331",
            "os_type": "linux",
            "pooled": true,
            "product_ids": [
              "f2e85q7kgaqmpn88h4dd"
            ],
            "size": 2,
            "status": "ready"
          },
          "sensitive_attributes": []
        }
      ]
    },
    {
      "mode": "managed",
      "type": "yandex_compute_instance",
      "name": "slave1",
      "provider": "provider[\"registry.terraform.io/yandex-cloud/yandex\"]",
      "instances": [
        {
          "schema_version": 1,
          "attributes": {
            "allow_recreate": null,
            "allow_stopping_for_update": null,
            "boot_disk": [
              {
                "auto_delete": true,
                "device_name": "fhmutp50r5m5ts4abklo",
                "disk_id": "fhmutp50r5m5ts4abklo",
                "initialize_params": [
                  {
                    "block_size": 4096,
                    "description": "",
                    "image_id": "fd8vfvc6r3tl3k0igv6l",
                    "kms_key_id": "",
                    "name": "",
                    "size": 10,
                    "snapshot_id": "",
                    "type": "network-hdd"
                  }
                ],
                "mode": "READ_WRITE"
              }
            ],
            "created_at": "2025-04-09T20:16:39Z",
            "description": "",
            "filesystem": [],
            "folder_id": "b1grnubu00svk4a977rq",
            "fqdn": "fhm5ijem6a1c3mdr320c.auto.internal",
            "gpu_cluster_id": "",
            "hardware_generation": [
              {
                "generation2_features": [],
                "legacy_features": [
                  {
                    "pci_topology": "PCI_TOPOLOGY_V1"
                  }
                ]
              }
            ],
            "hostname": "",
            "id": "fhm5ijem6a1c3mdr320c",
            "labels": null,
            "local_disk": [],
            "maintenance_grace_period": "",
            "maintenance_policy": null,
            "metadata": {
              "ssh-keys": "ubuntu:ssh-rsa AAAAB3NzaC1yc2EAAAADAQABAAACAQDKoK0W8NI2rpNsEjXUrxKi8QMsqoOcHuwMPRVoH82Na6UvAAsDzEsWvzr0/2JgCvseD5RoGM8nhHpPt/23wGu+ivd971R3oOKkUsj+FNncjJsDu28O6lGjYG9J8sITqOFWjXW94CwdqAEAsz1b8eRk1sDxzhIIqtmM3t2W30wdKF7Y2xS6zXPfluvyHkGu2o3gsH6J7z79pTNzB7XEcjV4rUKNvZ+RWBovsZTGpODeof16mWIeQv90JQQ6tbV91UOcatGhn1+O8AVlLmBWgNrWDiHFnz0V7HVpiBJmAXgyNzOWSXsqAOui1SWSzNKVRVwO3E0wZ7Yv7TQ0Fd1HvoGNRxI22vUJMwyCgIxOuh/0SXP801lueQOhqetSWiw/63ESevi9OCEmCSrcCufRHc4VHWAUFRxkEgZ+vwThR/bTNq3KtmzndEcbj3q2tq0LIA48bCGCbQBjSgi8VphjL2nYOg8albhr0mqjgVY1epbHiHuRIDR72XxUwFlFOBxz2gvY6VoQPE3QDmMtKahgLPlChwL6P4eVLxsC1IdPHDI6gPh76LAJBt/GcsSKQyQpJ7lna2T5Wdhm9p8TC1WP/+xLEw5k1Yox+U1uQBacLHByAmbauSzbBGl6/YsTdtyOIC0NHg3MGYBRrPh8vzyuTk4tuR9SLwctsAunkikdZdD0Sw== pavelkotomkin@MacBook-Pro-Pavel.local\n",
              "user-data": "#cloud-config\npackage_update: true\npackages:\n  - git\n  - curl\n"
            },
            "metadata_options": [
              {
                "aws_v1_http_endpoint": 1,
                "aws_v1_http_token": 2,
                "gce_http_endpoint": 1,
                "gce_http_token": 1
              }
            ],
            "name": "slave1",
            "network_acceleration_type": "standard",
            "network_interface": [
              {
                "dns_record": [],
                "index": 0,
                "ip_address": "10.0.0.30",
                "ipv4": true,
                "ipv6": false,
                "ipv6_address": "",
                "ipv6_dns_record": [],
                "mac_address": "d0:0d:59:4d:d6:32",
                "nat": true,
                "nat_dns_record": [],
                "nat_ip_address": "51.250.89.31",
                "nat_ip_version": "IPV4",
                "security_group_ids": [],
                "subnet_id": "e9bda293o1u5odq0v6q6"
              }
            ],
            "placement_policy": [
              {
                "host_affinity_rules": [],
                "placement_group_id": "",
                "placement_group_partition": 0
              }
            ],
            "platform_id": "standard-v1",
            "resources": [
              {
                "core_fraction": 100,
                "cores": 2,
                "gpus": 0,
                "memory": 2
              }
            ],
            "scheduling_policy": [
              {
                "preemptible": false
              }
            ],
            "secondary_disk": [],
            "service_account_id": "",
            "status": "running",
            "timeouts": null,
            "zone": "ru-central1-a"
          },
          "sensitive_attributes": [],
          "private": "eyJlMmJmYjczMC1lY2FhLTExZTYtOGY4OC0zNDM2M2JjN2M0YzAiOnsiY3JlYXRlIjozMDAwMDAwMDAwMDAsImRlbGV0ZSI6MzAwMDAwMDAwMDAwLCJ1cGRhdGUiOjMwMDAwMDAwMDAwMH0sInNjaGVtYV92ZXJzaW9uIjoiMSJ9",
          "dependencies": [
            "data.yandex_compute_image.ubuntu_image",
            "yandex_vpc_network.network_1",
            "yandex_vpc_subnet.subnet_1"
          ]
        }
      ]
    },
    {
      "mode": "managed",
      "type": "yandex_compute_instance",
      "name": "slave2",
      "provider": "provider[\"registry.terraform.io/yandex-cloud/yandex\"]",
      "instances": [
        {
          "schema_version": 1,
          "attributes": {
            "allow_recreate": null,
            "allow_stopping_for_update": null,
            "boot_disk": [
              {
                "auto_delete": true,
                "device_name": "fhmvrv7plssa8gdpkjjf",
                "disk_id": "fhmvrv7plssa8gdpkjjf",
                "initialize_params": [
                  {
                    "block_size": 4096,
                    "description": "",
                    "image_id": "fd8vfvc6r3tl3k0igv6l",
                    "kms_key_id": "",
                    "name": "",
                    "size": 10,
                    "snapshot_id": "",
                    "type": "network-hdd"
                  }
                ],
                "mode": "READ_WRITE"
              }
            ],
            "created_at": "2025-04-09T20:16:39Z",
            "description": "",
            "filesystem": [],
            "folder_id": "b1grnubu00svk4a977rq",
            "fqdn": "fhmiv4un67auaujp2klu.auto.internal",
            "gpu_cluster_id": "",
            "hardware_generation": [
              {
                "generation2_features": [],
                "legacy_features": [
                  {
                    "pci_topology": "PCI_TOPOLOGY_V1"
                  }
                ]
              }
            ],
            "hostname": "",
            "id": "fhmiv4un67auaujp2klu",
            "labels": null,
            "local_disk": [],
            "maintenance_grace_period": "",
            "maintenance_policy": null,
            "metadata": {
              "user-data": "#cloud-config\npackage_update: true\npackages:\n  - git\n  - curl\n"
            },
            "metadata_options": [
              {
                "aws_v1_http_endpoint": 1,
                "aws_v1_http_token": 2,
                "gce_http_endpoint": 1,
                "gce_http_token": 1
              }
            ],
            "name": "slave2",
            "network_acceleration_type": "standard",
            "network_interface": [
              {
                "dns_record": [],
                "index": 0,
                "ip_address": "10.0.0.8",
                "ipv4": true,
                "ipv6": false,
                "ipv6_address": "",
                "ipv6_dns_record": [],
                "mac_address": "d0:0d:12:f9:3d:73",
                "nat": true,
                "nat_dns_record": [],
                "nat_ip_address": "51.250.92.128",
                "nat_ip_version": "IPV4",
                "security_group_ids": [],
                "subnet_id": "e9bda293o1u5odq0v6q6"
              }
            ],
            "placement_policy": [
              {
                "host_affinity_rules": [],
                "placement_group_id": "",
                "placement_group_partition": 0
              }
            ],
            "platform_id": "standard-v1",
            "resources": [
              {
                "core_fraction": 100,
                "cores": 2,
                "gpus": 0,
                "memory": 2
              }
            ],
            "scheduling_policy": [
              {
                "preemptible": false
              }
            ],
            "secondary_disk": [],
            "service_account_id": "",
            "status": "running",
            "timeouts": null,
            "zone": "ru-central1-a"
          },
          "sensitive_attributes": [],
          "private": "eyJlMmJmYjczMC1lY2FhLTExZTYtOGY4OC0zNDM2M2JjN2M0YzAiOnsiY3JlYXRlIjozMDAwMDAwMDAwMDAsImRlbGV0ZSI6MzAwMDAwMDAwMDAwLCJ1cGRhdGUiOjMwMDAwMDAwMDAwMH0sInNjaGVtYV92ZXJzaW9uIjoiMSJ9",
          "dependencies": [
            "data.yandex_compute_image.ubuntu_image",
            "yandex_vpc_network.network_1",
            "yandex_vpc_subnet.subnet_1"
          ]
        }
      ]
    },
    {
      "mode": "managed",
      "type": "yandex_vpc_network",
      "name": "network_1",
      "provider": "provider[\"registry.terraform.io/yandex-cloud/yandex\"]",
      "instances": [
        {
          "schema_version": 0,
          "attributes": {
            "created_at": "2025-04-09T20:16:37Z",
            "default_security_group_id": "enpcmip45n81dqv4np9d",
            "description": "",
            "folder_id": "b1grnubu00svk4a977rq",
            "id": "enpg5r965vqtjj2mfi8r",
            "labels": {},
            "name": "network-1",
            "subnet_ids": [],
            "timeouts": null
          },
          "sensitive_attributes": [],
          "private": "eyJlMmJmYjczMC1lY2FhLTExZTYtOGY4OC0zNDM2M2JjN2M0YzAiOnsiY3JlYXRlIjo2MDAwMDAwMDAwMCwiZGVsZXRlIjo2MDAwMDAwMDAwMCwidXBkYXRlIjo2MDAwMDAwMDAwMH19"
        }
      ]
    },
    {
      "mode": "managed",
      "type": "yandex_vpc_subnet",
      "name": "subnet_1",
      "provider": "provider[\"registry.terraform.io/yandex-cloud/yandex\"]",
      "instances": [
        {
          "schema_version": 0,
          "attributes": {
            "created_at": "2025-04-09T20:16:39Z",
            "description": "",
            "dhcp_options": [],
            "folder_id": "b1grnubu00svk4a977rq",
            "id": "e9bda293o1u5odq0v6q6",
            "labels": {},
            "name": "subnet-1",
            "network_id": "enpg5r965vqtjj2mfi8r",
            "route_table_id": "",
            "timeouts": null,
            "v4_cidr_blocks": [
              "10.0.0.0/24"
            ],
            "v6_cidr_blocks": [],
            "zone": "ru-central1-a"
          },
          "sensitive_attributes": [],
          "private": "eyJlMmJmYjczMC1lY2FhLTExZTYtOGY4OC0zNDM2M2JjN2M0YzAiOnsiY3JlYXRlIjoxODAwMDAwMDAwMDAsImRlbGV0ZSI6MTgwMDAwMDAwMDAwLCJ1cGRhdGUiOjE4MDAwMDAwMDAwMH19",
          "dependencies": [
            "yandex_vpc_network.network_1"
          ]
        }
      ]
    }
  ],
  "check_results": null
}
